PODS:
  - dsBridge (3.0.6)
  - Fastboard (1.0.0-beta.7):
    - Fastboard/core (= 1.0.0-beta.7)
  - Fastboard/core (1.0.0-beta.7):
    - Whiteboard (~> 2.16.3)
  - Masonry (1.1.0)
  - SnapKit (5.0.1)
  - Whiteboard (2.16.4):
    - Whiteboard/Converter (= 2.16.4)
    - Whiteboard/NativeReplayer (= 2.16.4)
    - Whiteboard/Replayer (= 2.16.4)
    - Whiteboard/Room (= 2.16.4)
  - Whiteboard/Base (2.16.4):
    - dsBridge (~> 3.0.2)
    - Whiteboard/Object
  - Whiteboard/Converter (2.16.4):
    - Whiteboard/Object
  - Whiteboard/Model (2.16.4):
    - YYModel (~> 1.0.4)
  - Whiteboard/NativeReplayer (2.16.4):
    - Whiteboard/Replayer
  - Whiteboard/Object (2.16.4):
    - Whiteboard/Model
  - Whiteboard/Replayer (2.16.4):
    - Whiteboard/Base
  - Whiteboard/Room (2.16.4):
    - Whiteboard/Base
  - YYModel (1.0.4)

DEPENDENCIES:
  - Fastboard (from `../`)
  - Masonry
  - SnapKit
  - Whiteboard (from `https://github.com/netless-io/Whiteboard-iOS.git`)

SPEC REPOS:
  trunk:
    - dsBridge
    - Masonry
    - SnapKit
    - YYModel

EXTERNAL SOURCES:
  Fastboard:
    :path: "../"
  Whiteboard:
    :git: https://github.com/netless-io/Whiteboard-iOS.git

CHECKOUT OPTIONS:
  Whiteboard:
    :commit: 2abe29fd0b930a78a9305a386cccc49034eefca0
    :git: https://github.com/netless-io/Whiteboard-iOS.git

SPEC CHECKSUMS:
  dsBridge: 48b62ee8a411ad601a88d6f6c8cf6cb634b206b7
  Fastboard: 2d4c7743c4e695c2a8984fc45fccb1778ab016ff
  Masonry: 678fab65091a9290e40e2832a55e7ab731aad201
  SnapKit: 97b92857e3df3a0c71833cce143274bf6ef8e5eb
  Whiteboard: 1ddf3b360f1dadcc5033101370191767e90d4e40
  YYModel: 2a7fdd96aaa4b86a824e26d0c517de8928c04b30

PODFILE CHECKSUM: 1bea5ae2c96e3b0b03ca025a1f37335f2e498675

COCOAPODS: 1.11.2
