PODS:
  - Fastboard (1.4.4):
    - Fastboard/core (= 1.4.4)
  - Fastboard/core (1.4.4):
    - Whiteboard (~> 2.16.129)
  - Masonry (1.1.0)
  - NTLBridge (4.0.0)
  - SnapKit (5.6.0)
  - White_YYModel (1.0.7)
  - Whiteboard (2.16.129):
    - Whiteboard/Whiteboard-Basic (= 2.16.129)
  - Whiteboard/Resource (2.16.129)
  - Whiteboard/Whiteboard-Basic (2.16.129):
    - NTLBridge (~> 4.0.0)
    - White_YYModel
    - Whiteboard/Resource

DEPENDENCIES:
  - Fastboard (from `../`)
  - Masonry
  - SnapKit

SPEC REPOS:
  trunk:
    - Masonry
    - NTLBridge
    - SnapKit
    - White_YYModel
    - Whiteboard

EXTERNAL SOURCES:
  Fastboard:
    :path: "../"

SPEC CHECKSUMS:
  Fastboard: 04779dcf8d30eab8abae3a04fb1e9d426bfebb78
  Masonry: 678fab65091a9290e40e2832a55e7ab731aad201
  NTLBridge: b90c5bd836f221ee9eee0ea04518f50882b2d6d9
  SnapKit: e01d52ebb8ddbc333eefe2132acf85c8227d9c25
  White_YYModel: 76d9165d5aa2eb7b730125ba6510044b0308e8c9
  Whiteboard: 47c24b0d7673b19d028bf00c947e21c5a0cf1968

PODFILE CHECKSUM: 5bc98ef6f1acb91e5aa69ed5ac0002b12e88cb65

COCOAPODS: 1.16.2
