// !$*UTF8*$!
{
	archiveVersion = 1;
	classes = {
	};
	objectVersion = 46;
	objects = {

/* Begin PBXBuildFile section */
		607FACD61AFB9204008FA782 /* AppDelegate.swift in Sources */ = {isa = PBXBuildFile; fileRef = 607FACD51AFB9204008FA782 /* AppDelegate.swift */; };
		607FACD81AFB9204008FA782 /* ViewController.swift in Sources */ = {isa = PBXBuildFile; fileRef = 607FACD71AFB9204008FA782 /* ViewController.swift */; };
		607FACDB1AFB9204008FA782 /* Main.storyboard in Resources */ = {isa = PBXBuildFile; fileRef = 607FACD91AFB9204008FA782 /* Main.storyboard */; };
		607FACDD1AFB9204008FA782 /* Images.xcassets in Resources */ = {isa = PBXBuildFile; fileRef = 607FACDC1AFB9204008FA782 /* Images.xcassets */; };
		607FACE01AFB9204008FA782 /* LaunchScreen.xib in Resources */ = {isa = PBXBuildFile; fileRef = 607FACDE1AFB9204008FA782 /* LaunchScreen.xib */; };
		8A0A85DB27EC46D4005CFC84 /* monaco.iife.js in Resources */ = {isa = PBXBuildFile; fileRef = 8A0A85DA27EC46D4005CFC84 /* monaco.iife.js */; };
		8A0A85DC27EC46D4005CFC84 /* monaco.iife.js in Resources */ = {isa = PBXBuildFile; fileRef = 8A0A85DA27EC46D4005CFC84 /* monaco.iife.js */; };
		8A28DD16278BC1BD00B5CB71 /* RoomInfo.swift in Sources */ = {isa = PBXBuildFile; fileRef = 8A28DD15278BC1BD00B5CB71 /* RoomInfo.swift */; };
		8A28DD18278BCB1900B5CB71 /* RoomInfo.h in Sources */ = {isa = PBXBuildFile; fileRef = 8A28DD17278BCB1900B5CB71 /* RoomInfo.h */; };
		8A28DD1A278BCBD700B5CB71 /* RoomInfo.m in Sources */ = {isa = PBXBuildFile; fileRef = 8A28DD19278BCBD700B5CB71 /* RoomInfo.m */; };
		8A28DD1C278BD84E00B5CB71 /* README-En.md in Resources */ = {isa = PBXBuildFile; fileRef = 8A28DD1B278BD84E00B5CB71 /* README-En.md */; };
		8A310FC12787DEA800376BB5 /* ExampleTheme.swift in Sources */ = {isa = PBXBuildFile; fileRef = 8A310FC02787DEA800376BB5 /* ExampleTheme.swift */; };
		8A32FA7527C885B000FA9367 /* customColor.json in Resources */ = {isa = PBXBuildFile; fileRef = 8A32FA7427C885B000FA9367 /* customColor.json */; };
		8A32FA7827C885ED00FA9367 /* CustomColor.swift in Sources */ = {isa = PBXBuildFile; fileRef = 8A32FA7727C885ED00FA9367 /* CustomColor.swift */; };
		8A32FA7A27C886AB00FA9367 /* UIColor+Convince.swift in Sources */ = {isa = PBXBuildFile; fileRef = 8A32FA7927C886AB00FA9367 /* UIColor+Convince.swift */; };
		8A32FA7B27C8AEBF00FA9367 /* storage.json in Resources */ = {isa = PBXBuildFile; fileRef = 8AB02BBE27C4CF0500792EF6 /* storage.json */; };
		8A32FA7C27C8AEE400FA9367 /* StorageItem.swift in Sources */ = {isa = PBXBuildFile; fileRef = 8AB02BBC27C4CE6A00792EF6 /* StorageItem.swift */; };
		8A32FA7D27C8AF6100FA9367 /* CustomColor.swift in Sources */ = {isa = PBXBuildFile; fileRef = 8A32FA7727C885ED00FA9367 /* CustomColor.swift */; };
		8A32FA8027C8B6C500FA9367 /* UIColor+Convince.swift in Sources */ = {isa = PBXBuildFile; fileRef = 8A32FA7927C886AB00FA9367 /* UIColor+Convince.swift */; };
		8A32FA8127C8B80B00FA9367 /* customColor.json in Resources */ = {isa = PBXBuildFile; fileRef = 8A32FA7427C885B000FA9367 /* customColor.json */; };
		8AAB0ED4277AB0E40062E8D1 /* AppDelegate.m in Sources */ = {isa = PBXBuildFile; fileRef = 8AAB0ED3277AB0E40062E8D1 /* AppDelegate.m */; };
		8AAB0ED7277AB0E40062E8D1 /* SceneDelegate.m in Sources */ = {isa = PBXBuildFile; fileRef = 8AAB0ED6277AB0E40062E8D1 /* SceneDelegate.m */; };
		8AAB0EDA277AB0E40062E8D1 /* ViewController.m in Sources */ = {isa = PBXBuildFile; fileRef = 8AAB0ED9277AB0E40062E8D1 /* ViewController.m */; };
		8AAB0EE5277AB0E40062E8D1 /* main.m in Sources */ = {isa = PBXBuildFile; fileRef = 8AAB0EE4277AB0E40062E8D1 /* main.m */; };
		8AB02B9627C470B800792EF6 /* LaunchScreen.xib in Resources */ = {isa = PBXBuildFile; fileRef = 607FACDE1AFB9204008FA782 /* LaunchScreen.xib */; };
		8AB02B9727C4715C00792EF6 /* CustomFastboardOverlay.m in Sources */ = {isa = PBXBuildFile; fileRef = 8AFA91E6278D86B100E0CA61 /* CustomFastboardOverlay.m */; };
		8AB02B9A27C4744300792EF6 /* Main.storyboard in Resources */ = {isa = PBXBuildFile; fileRef = 8AB02B9827C4744300792EF6 /* Main.storyboard */; };
		8AB02B9C27C4756600792EF6 /* ExampleControlView.swift in Sources */ = {isa = PBXBuildFile; fileRef = 8AB02B9B27C4756600792EF6 /* ExampleControlView.swift */; };
		8AB02BA027C4758200792EF6 /* ControlCell.swift in Sources */ = {isa = PBXBuildFile; fileRef = 8AB02B9E27C4758200792EF6 /* ControlCell.swift */; };
		8AB02BA127C4758200792EF6 /* ControlCell.xib in Resources */ = {isa = PBXBuildFile; fileRef = 8AB02B9F27C4758200792EF6 /* ControlCell.xib */; };
		8AB02BB827C47F9000792EF6 /* Localizable.strings in Resources */ = {isa = PBXBuildFile; fileRef = 8AB02BB527C47F9000792EF6 /* Localizable.strings */; };
		8AB02BBD27C4CE6A00792EF6 /* StorageItem.swift in Sources */ = {isa = PBXBuildFile; fileRef = 8AB02BBC27C4CE6A00792EF6 /* StorageItem.swift */; };
		8AB02BBF27C4CF0500792EF6 /* storage.json in Resources */ = {isa = PBXBuildFile; fileRef = 8AB02BBE27C4CF0500792EF6 /* storage.json */; };
		8AE96586278842FC00722F89 /* Utility.swift in Sources */ = {isa = PBXBuildFile; fileRef = 8AE96585278842FC00722F89 /* Utility.swift */; };
		8AFA91C9278C27A700E0CA61 /* Utility.swift in Sources */ = {isa = PBXBuildFile; fileRef = 8AE96585278842FC00722F89 /* Utility.swift */; };
		8AFA91CE278C280E00E0CA61 /* Utility.m in Sources */ = {isa = PBXBuildFile; fileRef = 8AFA91CD278C280E00E0CA61 /* Utility.m */; };
		8AFA91D5278C396D00E0CA61 /* Images.xcassets in Resources */ = {isa = PBXBuildFile; fileRef = 607FACDC1AFB9204008FA782 /* Images.xcassets */; };
		8AFA91E4278D85CB00E0CA61 /* CustomFastboardView.swift in Sources */ = {isa = PBXBuildFile; fileRef = 8AE965812788350000722F89 /* CustomFastboardView.swift */; };
		98E446F52ACA5CBDABBD26E9 /* Pods_OCExample.framework in Frameworks */ = {isa = PBXBuildFile; fileRef = D6E431A78571212D291FEE81 /* Pods_OCExample.framework */; };
		FEFB49723EE700DB0F909007 /* Pods_Fastboard_Example.framework in Frameworks */ = {isa = PBXBuildFile; fileRef = 30F099742273D1E816E706CE /* Pods_Fastboard_Example.framework */; };
/* End PBXBuildFile section */

/* Begin PBXFileReference section */
		22C403ED202C8833654663D1 /* Pods-Fastboard_Example.release.xcconfig */ = {isa = PBXFileReference; includeInIndex = 1; lastKnownFileType = text.xcconfig; name = "Pods-Fastboard_Example.release.xcconfig"; path = "Target Support Files/Pods-Fastboard_Example/Pods-Fastboard_Example.release.xcconfig"; sourceTree = "<group>"; };
		232246E3091BF31CA271C55B /* README.md */ = {isa = PBXFileReference; includeInIndex = 1; lastKnownFileType = net.daringfireball.markdown; name = README.md; path = ../README.md; sourceTree = "<group>"; };
		30F099742273D1E816E706CE /* Pods_Fastboard_Example.framework */ = {isa = PBXFileReference; explicitFileType = wrapper.framework; includeInIndex = 0; path = Pods_Fastboard_Example.framework; sourceTree = BUILT_PRODUCTS_DIR; };
		470BB35885E53C67CAAA0CAC /* Pods-Fastboard_Example.debug.xcconfig */ = {isa = PBXFileReference; includeInIndex = 1; lastKnownFileType = text.xcconfig; name = "Pods-Fastboard_Example.debug.xcconfig"; path = "Target Support Files/Pods-Fastboard_Example/Pods-Fastboard_Example.debug.xcconfig"; sourceTree = "<group>"; };
		5735BD3E615FCD4E13798F44 /* Fastboard.podspec */ = {isa = PBXFileReference; includeInIndex = 1; lastKnownFileType = text; name = Fastboard.podspec; path = ../Fastboard.podspec; sourceTree = "<group>"; xcLanguageSpecificationIdentifier = xcode.lang.ruby; };
		607FACD01AFB9204008FA782 /* Fastboard_Example.app */ = {isa = PBXFileReference; explicitFileType = wrapper.application; includeInIndex = 0; path = Fastboard_Example.app; sourceTree = BUILT_PRODUCTS_DIR; };
		607FACD41AFB9204008FA782 /* Info.plist */ = {isa = PBXFileReference; lastKnownFileType = text.plist.xml; path = Info.plist; sourceTree = "<group>"; };
		607FACD51AFB9204008FA782 /* AppDelegate.swift */ = {isa = PBXFileReference; lastKnownFileType = sourcecode.swift; path = AppDelegate.swift; sourceTree = "<group>"; };
		607FACD71AFB9204008FA782 /* ViewController.swift */ = {isa = PBXFileReference; lastKnownFileType = sourcecode.swift; path = ViewController.swift; sourceTree = "<group>"; };
		607FACDA1AFB9204008FA782 /* Base */ = {isa = PBXFileReference; lastKnownFileType = file.storyboard; name = Base; path = Base.lproj/Main.storyboard; sourceTree = "<group>"; };
		607FACDC1AFB9204008FA782 /* Images.xcassets */ = {isa = PBXFileReference; lastKnownFileType = folder.assetcatalog; path = Images.xcassets; sourceTree = "<group>"; };
		607FACDF1AFB9204008FA782 /* Base */ = {isa = PBXFileReference; lastKnownFileType = file.xib; name = Base; path = Base.lproj/LaunchScreen.xib; sourceTree = "<group>"; };
		812F452516B81B7ADBC6F7AC /* Pods-Fastboard_Tests.release.xcconfig */ = {isa = PBXFileReference; includeInIndex = 1; lastKnownFileType = text.xcconfig; name = "Pods-Fastboard_Tests.release.xcconfig"; path = "Target Support Files/Pods-Fastboard_Tests/Pods-Fastboard_Tests.release.xcconfig"; sourceTree = "<group>"; };
		829F94F2DB88098BADCF84A3 /* Pods-OCExample.debug.xcconfig */ = {isa = PBXFileReference; includeInIndex = 1; lastKnownFileType = text.xcconfig; name = "Pods-OCExample.debug.xcconfig"; path = "Target Support Files/Pods-OCExample/Pods-OCExample.debug.xcconfig"; sourceTree = "<group>"; };
		8A0A85DA27EC46D4005CFC84 /* monaco.iife.js */ = {isa = PBXFileReference; fileEncoding = 4; lastKnownFileType = sourcecode.javascript; path = monaco.iife.js; sourceTree = "<group>"; };
		8A0A85E727EC5A27005CFC84 /* Advance.md */ = {isa = PBXFileReference; lastKnownFileType = net.daringfireball.markdown; name = Advance.md; path = ../Advance.md; sourceTree = "<group>"; };
		8A0A85E927EC5A8D005CFC84 /* Advance-En.md */ = {isa = PBXFileReference; lastKnownFileType = net.daringfireball.markdown; name = "Advance-En.md"; path = "../Advance-En.md"; sourceTree = "<group>"; };
		8A28DD14278BC0E900B5CB71 /* FastboardConfig.xcconfig */ = {isa = PBXFileReference; lastKnownFileType = text.xcconfig; path = FastboardConfig.xcconfig; sourceTree = "<group>"; };
		8A28DD15278BC1BD00B5CB71 /* RoomInfo.swift */ = {isa = PBXFileReference; lastKnownFileType = sourcecode.swift; path = RoomInfo.swift; sourceTree = "<group>"; };
		8A28DD17278BCB1900B5CB71 /* RoomInfo.h */ = {isa = PBXFileReference; lastKnownFileType = sourcecode.c.h; path = RoomInfo.h; sourceTree = "<group>"; };
		8A28DD19278BCBD700B5CB71 /* RoomInfo.m */ = {isa = PBXFileReference; lastKnownFileType = sourcecode.c.objc; path = RoomInfo.m; sourceTree = "<group>"; };
		8A28DD1B278BD84E00B5CB71 /* README-En.md */ = {isa = PBXFileReference; fileEncoding = 4; lastKnownFileType = net.daringfireball.markdown; name = "README-En.md"; path = "../README-En.md"; sourceTree = "<group>"; };
		8A310FC02787DEA800376BB5 /* ExampleTheme.swift */ = {isa = PBXFileReference; lastKnownFileType = sourcecode.swift; path = ExampleTheme.swift; sourceTree = "<group>"; };
		8A32FA7427C885B000FA9367 /* customColor.json */ = {isa = PBXFileReference; lastKnownFileType = text.json; path = customColor.json; sourceTree = "<group>"; };
		8A32FA7727C885ED00FA9367 /* CustomColor.swift */ = {isa = PBXFileReference; lastKnownFileType = sourcecode.swift; path = CustomColor.swift; sourceTree = "<group>"; };
		8A32FA7927C886AB00FA9367 /* UIColor+Convince.swift */ = {isa = PBXFileReference; lastKnownFileType = sourcecode.swift; path = "UIColor+Convince.swift"; sourceTree = "<group>"; };
		8AAB0ED0277AB0E40062E8D1 /* OCExample.app */ = {isa = PBXFileReference; explicitFileType = wrapper.application; includeInIndex = 0; path = OCExample.app; sourceTree = BUILT_PRODUCTS_DIR; };
		8AAB0ED2277AB0E40062E8D1 /* AppDelegate.h */ = {isa = PBXFileReference; lastKnownFileType = sourcecode.c.h; path = AppDelegate.h; sourceTree = "<group>"; };
		8AAB0ED3277AB0E40062E8D1 /* AppDelegate.m */ = {isa = PBXFileReference; lastKnownFileType = sourcecode.c.objc; path = AppDelegate.m; sourceTree = "<group>"; };
		8AAB0ED5277AB0E40062E8D1 /* SceneDelegate.h */ = {isa = PBXFileReference; lastKnownFileType = sourcecode.c.h; path = SceneDelegate.h; sourceTree = "<group>"; };
		8AAB0ED6277AB0E40062E8D1 /* SceneDelegate.m */ = {isa = PBXFileReference; lastKnownFileType = sourcecode.c.objc; path = SceneDelegate.m; sourceTree = "<group>"; };
		8AAB0ED8277AB0E40062E8D1 /* ViewController.h */ = {isa = PBXFileReference; lastKnownFileType = sourcecode.c.h; path = ViewController.h; sourceTree = "<group>"; };
		8AAB0ED9277AB0E40062E8D1 /* ViewController.m */ = {isa = PBXFileReference; lastKnownFileType = sourcecode.c.objc; path = ViewController.m; sourceTree = "<group>"; };
		8AAB0EE3277AB0E40062E8D1 /* Info.plist */ = {isa = PBXFileReference; lastKnownFileType = text.plist.xml; path = Info.plist; sourceTree = "<group>"; };
		8AAB0EE4277AB0E40062E8D1 /* main.m */ = {isa = PBXFileReference; lastKnownFileType = sourcecode.c.objc; path = main.m; sourceTree = "<group>"; };
		8AB02B9927C4744300792EF6 /* Base */ = {isa = PBXFileReference; lastKnownFileType = file.storyboard; name = Base; path = Base.lproj/Main.storyboard; sourceTree = "<group>"; };
		8AB02B9B27C4756600792EF6 /* ExampleControlView.swift */ = {isa = PBXFileReference; lastKnownFileType = sourcecode.swift; path = ExampleControlView.swift; sourceTree = "<group>"; };
		8AB02B9E27C4758200792EF6 /* ControlCell.swift */ = {isa = PBXFileReference; lastKnownFileType = sourcecode.swift; path = ControlCell.swift; sourceTree = "<group>"; };
		8AB02B9F27C4758200792EF6 /* ControlCell.xib */ = {isa = PBXFileReference; lastKnownFileType = file.xib; path = ControlCell.xib; sourceTree = "<group>"; };
		8AB02BB727C47F9000792EF6 /* en */ = {isa = PBXFileReference; lastKnownFileType = text.plist.strings; name = en; path = en.lproj/Localizable.strings; sourceTree = "<group>"; };
		8AB02BB927C4C16D00792EF6 /* zh-Hans */ = {isa = PBXFileReference; lastKnownFileType = text.plist.strings; name = "zh-Hans"; path = "zh-Hans.lproj/Localizable.strings"; sourceTree = "<group>"; };
		8AB02BBC27C4CE6A00792EF6 /* StorageItem.swift */ = {isa = PBXFileReference; lastKnownFileType = sourcecode.swift; path = StorageItem.swift; sourceTree = "<group>"; };
		8AB02BBE27C4CF0500792EF6 /* storage.json */ = {isa = PBXFileReference; fileEncoding = 4; lastKnownFileType = text.json; path = storage.json; sourceTree = "<group>"; };
		8AE965812788350000722F89 /* CustomFastboardView.swift */ = {isa = PBXFileReference; lastKnownFileType = sourcecode.swift; path = CustomFastboardView.swift; sourceTree = "<group>"; };
		8AE96585278842FC00722F89 /* Utility.swift */ = {isa = PBXFileReference; lastKnownFileType = sourcecode.swift; path = Utility.swift; sourceTree = "<group>"; };
		8AFA91CC278C280E00E0CA61 /* Utility.h */ = {isa = PBXFileReference; lastKnownFileType = sourcecode.c.h; path = Utility.h; sourceTree = "<group>"; };
		8AFA91CD278C280E00E0CA61 /* Utility.m */ = {isa = PBXFileReference; lastKnownFileType = sourcecode.c.objc; path = Utility.m; sourceTree = "<group>"; };
		8AFA91E5278D86B100E0CA61 /* CustomFastboardOverlay.h */ = {isa = PBXFileReference; lastKnownFileType = sourcecode.c.h; path = CustomFastboardOverlay.h; sourceTree = "<group>"; };
		8AFA91E6278D86B100E0CA61 /* CustomFastboardOverlay.m */ = {isa = PBXFileReference; lastKnownFileType = sourcecode.c.objc; path = CustomFastboardOverlay.m; sourceTree = "<group>"; };
		8AFA91E9278E66A200E0CA61 /* CHANGELOG.md */ = {isa = PBXFileReference; lastKnownFileType = net.daringfireball.markdown; name = CHANGELOG.md; path = ../CHANGELOG.md; sourceTree = "<group>"; };
		96FF1AB9A8B5AED401A61FB7 /* LICENSE */ = {isa = PBXFileReference; includeInIndex = 1; lastKnownFileType = text; name = LICENSE; path = ../LICENSE; sourceTree = "<group>"; };
		978DC14B4A1B879B28A46EFF /* Pods-Fastboard_Tests.debug.xcconfig */ = {isa = PBXFileReference; includeInIndex = 1; lastKnownFileType = text.xcconfig; name = "Pods-Fastboard_Tests.debug.xcconfig"; path = "Target Support Files/Pods-Fastboard_Tests/Pods-Fastboard_Tests.debug.xcconfig"; sourceTree = "<group>"; };
		B3D8375C2A3EC5932FB496E1 /* Pods_Fastboard_Tests.framework */ = {isa = PBXFileReference; explicitFileType = wrapper.framework; includeInIndex = 0; path = Pods_Fastboard_Tests.framework; sourceTree = BUILT_PRODUCTS_DIR; };
		D6E431A78571212D291FEE81 /* Pods_OCExample.framework */ = {isa = PBXFileReference; explicitFileType = wrapper.framework; includeInIndex = 0; path = Pods_OCExample.framework; sourceTree = BUILT_PRODUCTS_DIR; };
		DF7341E8918DD7163D4E0518 /* Pods-OCExample.release.xcconfig */ = {isa = PBXFileReference; includeInIndex = 1; lastKnownFileType = text.xcconfig; name = "Pods-OCExample.release.xcconfig"; path = "Target Support Files/Pods-OCExample/Pods-OCExample.release.xcconfig"; sourceTree = "<group>"; };
/* End PBXFileReference section */

/* Begin PBXFrameworksBuildPhase section */
		607FACCD1AFB9204008FA782 /* Frameworks */ = {
			isa = PBXFrameworksBuildPhase;
			buildActionMask = 2147483647;
			files = (
				FEFB49723EE700DB0F909007 /* Pods_Fastboard_Example.framework in Frameworks */,
			);
			runOnlyForDeploymentPostprocessing = 0;
		};
		8AAB0ECD277AB0E40062E8D1 /* Frameworks */ = {
			isa = PBXFrameworksBuildPhase;
			buildActionMask = 2147483647;
			files = (
				98E446F52ACA5CBDABBD26E9 /* Pods_OCExample.framework in Frameworks */,
			);
			runOnlyForDeploymentPostprocessing = 0;
		};
/* End PBXFrameworksBuildPhase section */

/* Begin PBXGroup section */
		3486D2D3B0368B45EF0CE9FD /* Frameworks */ = {
			isa = PBXGroup;
			children = (
				B3D8375C2A3EC5932FB496E1 /* Pods_Fastboard_Tests.framework */,
				30F099742273D1E816E706CE /* Pods_Fastboard_Example.framework */,
				D6E431A78571212D291FEE81 /* Pods_OCExample.framework */,
			);
			name = Frameworks;
			sourceTree = "<group>";
		};
		607FACC71AFB9204008FA782 = {
			isa = PBXGroup;
			children = (
				607FACF51AFB993E008FA782 /* Podspec Metadata */,
				607FACD21AFB9204008FA782 /* Example for Fastboard */,
				8AAB0ED1277AB0E40062E8D1 /* OCExample */,
				607FACD11AFB9204008FA782 /* Products */,
				CABC05EFD93E2733EB53095A /* Pods */,
				3486D2D3B0368B45EF0CE9FD /* Frameworks */,
			);
			sourceTree = "<group>";
		};
		607FACD11AFB9204008FA782 /* Products */ = {
			isa = PBXGroup;
			children = (
				607FACD01AFB9204008FA782 /* Fastboard_Example.app */,
				8AAB0ED0277AB0E40062E8D1 /* OCExample.app */,
			);
			name = Products;
			sourceTree = "<group>";
		};
		607FACD21AFB9204008FA782 /* Example for Fastboard */ = {
			isa = PBXGroup;
			children = (
				8A32FA7627C885CB00FA9367 /* Resource */,
				8AB02BB527C47F9000792EF6 /* Localizable.strings */,
				8AB02BC027C4CF8500792EF6 /* MockStorage */,
				8AB02B9D27C4757200792EF6 /* Control */,
				8A28DD15278BC1BD00B5CB71 /* RoomInfo.swift */,
				8A32FA7927C886AB00FA9367 /* UIColor+Convince.swift */,
				607FACD51AFB9204008FA782 /* AppDelegate.swift */,
				607FACD71AFB9204008FA782 /* ViewController.swift */,
				8AE96585278842FC00722F89 /* Utility.swift */,
				8A310FC02787DEA800376BB5 /* ExampleTheme.swift */,
				8AE965812788350000722F89 /* CustomFastboardView.swift */,
				607FACD91AFB9204008FA782 /* Main.storyboard */,
				607FACDC1AFB9204008FA782 /* Images.xcassets */,
				607FACDE1AFB9204008FA782 /* LaunchScreen.xib */,
				607FACD31AFB9204008FA782 /* Supporting Files */,
				8A32FA7727C885ED00FA9367 /* CustomColor.swift */,
			);
			name = "Example for Fastboard";
			path = Fastboard;
			sourceTree = "<group>";
		};
		607FACD31AFB9204008FA782 /* Supporting Files */ = {
			isa = PBXGroup;
			children = (
				607FACD41AFB9204008FA782 /* Info.plist */,
			);
			name = "Supporting Files";
			sourceTree = "<group>";
		};
		607FACF51AFB993E008FA782 /* Podspec Metadata */ = {
			isa = PBXGroup;
			children = (
				8A0A85E927EC5A8D005CFC84 /* Advance-En.md */,
				8AFA91E9278E66A200E0CA61 /* CHANGELOG.md */,
				8A0A85E727EC5A27005CFC84 /* Advance.md */,
				8A28DD1B278BD84E00B5CB71 /* README-En.md */,
				5735BD3E615FCD4E13798F44 /* Fastboard.podspec */,
				232246E3091BF31CA271C55B /* README.md */,
				96FF1AB9A8B5AED401A61FB7 /* LICENSE */,
				8A28DD14278BC0E900B5CB71 /* FastboardConfig.xcconfig */,
			);
			name = "Podspec Metadata";
			sourceTree = "<group>";
		};
		8A32FA7627C885CB00FA9367 /* Resource */ = {
			isa = PBXGroup;
			children = (
				8A0A85DA27EC46D4005CFC84 /* monaco.iife.js */,
				8A32FA7427C885B000FA9367 /* customColor.json */,
				8AB02BBE27C4CF0500792EF6 /* storage.json */,
			);
			name = Resource;
			sourceTree = "<group>";
		};
		8AAB0ED1277AB0E40062E8D1 /* OCExample */ = {
			isa = PBXGroup;
			children = (
				8AB02B9827C4744300792EF6 /* Main.storyboard */,
				8AAB0ED2277AB0E40062E8D1 /* AppDelegate.h */,
				8AAB0ED3277AB0E40062E8D1 /* AppDelegate.m */,
				8A28DD17278BCB1900B5CB71 /* RoomInfo.h */,
				8A28DD19278BCBD700B5CB71 /* RoomInfo.m */,
				8AAB0ED5277AB0E40062E8D1 /* SceneDelegate.h */,
				8AAB0ED6277AB0E40062E8D1 /* SceneDelegate.m */,
				8AAB0ED8277AB0E40062E8D1 /* ViewController.h */,
				8AAB0ED9277AB0E40062E8D1 /* ViewController.m */,
				8AFA91E5278D86B100E0CA61 /* CustomFastboardOverlay.h */,
				8AFA91E6278D86B100E0CA61 /* CustomFastboardOverlay.m */,
				8AFA91CC278C280E00E0CA61 /* Utility.h */,
				8AFA91CD278C280E00E0CA61 /* Utility.m */,
				8AAB0EE3277AB0E40062E8D1 /* Info.plist */,
				8AAB0EE4277AB0E40062E8D1 /* main.m */,
			);
			path = OCExample;
			sourceTree = "<group>";
		};
		8AB02B9D27C4757200792EF6 /* Control */ = {
			isa = PBXGroup;
			children = (
				8AB02B9B27C4756600792EF6 /* ExampleControlView.swift */,
				8AB02B9E27C4758200792EF6 /* ControlCell.swift */,
				8AB02B9F27C4758200792EF6 /* ControlCell.xib */,
			);
			name = Control;
			sourceTree = "<group>";
		};
		8AB02BC027C4CF8500792EF6 /* MockStorage */ = {
			isa = PBXGroup;
			children = (
				8AB02BBC27C4CE6A00792EF6 /* StorageItem.swift */,
			);
			name = MockStorage;
			sourceTree = "<group>";
		};
		CABC05EFD93E2733EB53095A /* Pods */ = {
			isa = PBXGroup;
			children = (
				470BB35885E53C67CAAA0CAC /* Pods-Fastboard_Example.debug.xcconfig */,
				22C403ED202C8833654663D1 /* Pods-Fastboard_Example.release.xcconfig */,
				978DC14B4A1B879B28A46EFF /* Pods-Fastboard_Tests.debug.xcconfig */,
				812F452516B81B7ADBC6F7AC /* Pods-Fastboard_Tests.release.xcconfig */,
				829F94F2DB88098BADCF84A3 /* Pods-OCExample.debug.xcconfig */,
				DF7341E8918DD7163D4E0518 /* Pods-OCExample.release.xcconfig */,
			);
			path = Pods;
			sourceTree = "<group>";
		};
/* End PBXGroup section */

/* Begin PBXNativeTarget section */
		607FACCF1AFB9204008FA782 /* Fastboard_Example */ = {
			isa = PBXNativeTarget;
			buildConfigurationList = 607FACEF1AFB9204008FA782 /* Build configuration list for PBXNativeTarget "Fastboard_Example" */;
			buildPhases = (
				69CC13FA296979A8E1C84754 /* [CP] Check Pods Manifest.lock */,
				607FACCC1AFB9204008FA782 /* Sources */,
				607FACCD1AFB9204008FA782 /* Frameworks */,
				607FACCE1AFB9204008FA782 /* Resources */,
				05A8080C5FB4ED505673EB95 /* [CP] Embed Pods Frameworks */,
			);
			buildRules = (
			);
			dependencies = (
			);
			name = Fastboard_Example;
			productName = Fastboard;
			productReference = 607FACD01AFB9204008FA782 /* Fastboard_Example.app */;
			productType = "com.apple.product-type.application";
		};
		8AAB0ECF277AB0E40062E8D1 /* OCExample */ = {
			isa = PBXNativeTarget;
			buildConfigurationList = 8AAB0EE6277AB0E40062E8D1 /* Build configuration list for PBXNativeTarget "OCExample" */;
			buildPhases = (
				0FF5F349CF83203E0F9FA52D /* [CP] Check Pods Manifest.lock */,
				8AAB0ECC277AB0E40062E8D1 /* Sources */,
				8AAB0ECD277AB0E40062E8D1 /* Frameworks */,
				8AAB0ECE277AB0E40062E8D1 /* Resources */,
				ED193AEBD2C28A503263DE80 /* [CP] Embed Pods Frameworks */,
			);
			buildRules = (
			);
			dependencies = (
			);
			name = OCExample;
			productName = OCExample;
			productReference = 8AAB0ED0277AB0E40062E8D1 /* OCExample.app */;
			productType = "com.apple.product-type.application";
		};
/* End PBXNativeTarget section */

/* Begin PBXProject section */
		607FACC81AFB9204008FA782 /* Project object */ = {
			isa = PBXProject;
			attributes = {
				LastSwiftUpdateCheck = 1320;
				LastUpgradeCheck = 0830;
				ORGANIZATIONNAME = CocoaPods;
				TargetAttributes = {
					607FACCF1AFB9204008FA782 = {
						CreatedOnToolsVersion = 6.3.1;
						DevelopmentTeam = L922897LKX;
						LastSwiftMigration = 1320;
						ProvisioningStyle = Automatic;
					};
					8AAB0ECF277AB0E40062E8D1 = {
						CreatedOnToolsVersion = 13.2.1;
						DevelopmentTeam = L922897LKX;
						ProvisioningStyle = Automatic;
					};
				};
			};
			buildConfigurationList = 607FACCB1AFB9204008FA782 /* Build configuration list for PBXProject "Fastboard" */;
			compatibilityVersion = "Xcode 3.2";
			developmentRegion = English;
			hasScannedForEncodings = 0;
			knownRegions = (
				English,
				en,
				Base,
				"zh-Hans",
			);
			mainGroup = 607FACC71AFB9204008FA782;
			productRefGroup = 607FACD11AFB9204008FA782 /* Products */;
			projectDirPath = "";
			projectRoot = "";
			targets = (
				607FACCF1AFB9204008FA782 /* Fastboard_Example */,
				8AAB0ECF277AB0E40062E8D1 /* OCExample */,
			);
		};
/* End PBXProject section */

/* Begin PBXResourcesBuildPhase section */
		607FACCE1AFB9204008FA782 /* Resources */ = {
			isa = PBXResourcesBuildPhase;
			buildActionMask = 2147483647;
			files = (
				8AB02BB827C47F9000792EF6 /* Localizable.strings in Resources */,
				8A0A85DB27EC46D4005CFC84 /* monaco.iife.js in Resources */,
				8A32FA7527C885B000FA9367 /* customColor.json in Resources */,
				607FACDB1AFB9204008FA782 /* Main.storyboard in Resources */,
				8AB02BA127C4758200792EF6 /* ControlCell.xib in Resources */,
				607FACE01AFB9204008FA782 /* LaunchScreen.xib in Resources */,
				607FACDD1AFB9204008FA782 /* Images.xcassets in Resources */,
				8AB02BBF27C4CF0500792EF6 /* storage.json in Resources */,
			);
			runOnlyForDeploymentPostprocessing = 0;
		};
		8AAB0ECE277AB0E40062E8D1 /* Resources */ = {
			isa = PBXResourcesBuildPhase;
			buildActionMask = 2147483647;
			files = (
				8A32FA8127C8B80B00FA9367 /* customColor.json in Resources */,
				8AB02B9627C470B800792EF6 /* LaunchScreen.xib in Resources */,
				8A0A85DC27EC46D4005CFC84 /* monaco.iife.js in Resources */,
				8AB02B9A27C4744300792EF6 /* Main.storyboard in Resources */,
				8AFA91D5278C396D00E0CA61 /* Images.xcassets in Resources */,
				8A32FA7B27C8AEBF00FA9367 /* storage.json in Resources */,
				8A28DD1C278BD84E00B5CB71 /* README-En.md in Resources */,
			);
			runOnlyForDeploymentPostprocessing = 0;
		};
/* End PBXResourcesBuildPhase section */

/* Begin PBXShellScriptBuildPhase section */
		05A8080C5FB4ED505673EB95 /* [CP] Embed Pods Frameworks */ = {
			isa = PBXShellScriptBuildPhase;
			buildActionMask = 2147483647;
			files = (
			);
			inputPaths = (
				"${PODS_ROOT}/Target Support Files/Pods-Fastboard_Example/Pods-Fastboard_Example-frameworks.sh",
				"${PODS_ROOT}/AgoraFPA_iOS/AgoraFPA.framework",
				"${PODS_ROOT}/AgoraFPA_iOS/AgoraFpaProxyService.framework",
				"${BUILT_PRODUCTS_DIR}/Fastboard/Fastboard.framework",
				"${BUILT_PRODUCTS_DIR}/Whiteboard/Whiteboard.framework",
				"${BUILT_PRODUCTS_DIR}/YYModel/YYModel.framework",
				"${BUILT_PRODUCTS_DIR}/dsBridge/dsBridge.framework",
				"${BUILT_PRODUCTS_DIR}/SnapKit/SnapKit.framework",
			);
			name = "[CP] Embed Pods Frameworks";
			outputPaths = (
				"${TARGET_BUILD_DIR}/${FRAMEWORKS_FOLDER_PATH}/AgoraFPA.framework",
				"${TARGET_BUILD_DIR}/${FRAMEWORKS_FOLDER_PATH}/AgoraFpaProxyService.framework",
				"${TARGET_BUILD_DIR}/${FRAMEWORKS_FOLDER_PATH}/Fastboard.framework",
				"${TARGET_BUILD_DIR}/${FRAMEWORKS_FOLDER_PATH}/Whiteboard.framework",
				"${TARGET_BUILD_DIR}/${FRAMEWORKS_FOLDER_PATH}/YYModel.framework",
				"${TARGET_BUILD_DIR}/${FRAMEWORKS_FOLDER_PATH}/dsBridge.framework",
				"${TARGET_BUILD_DIR}/${FRAMEWORKS_FOLDER_PATH}/SnapKit.framework",
			);
			runOnlyForDeploymentPostprocessing = 0;
			shellPath = /bin/sh;
			shellScript = "\"${PODS_ROOT}/Target Support Files/Pods-Fastboard_Example/Pods-Fastboard_Example-frameworks.sh\"\n";
			showEnvVarsInLog = 0;
		};
		0FF5F349CF83203E0F9FA52D /* [CP] Check Pods Manifest.lock */ = {
			isa = PBXShellScriptBuildPhase;
			buildActionMask = 2147483647;
			files = (
			);
			inputFileListPaths = (
			);
			inputPaths = (
				"${PODS_PODFILE_DIR_PATH}/Podfile.lock",
				"${PODS_ROOT}/Manifest.lock",
			);
			name = "[CP] Check Pods Manifest.lock";
			outputFileListPaths = (
			);
			outputPaths = (
				"$(DERIVED_FILE_DIR)/Pods-OCExample-checkManifestLockResult.txt",
			);
			runOnlyForDeploymentPostprocessing = 0;
			shellPath = /bin/sh;
			shellScript = "diff \"${PODS_PODFILE_DIR_PATH}/Podfile.lock\" \"${PODS_ROOT}/Manifest.lock\" > /dev/null\nif [ $? != 0 ] ; then\n    # print error to STDERR\n    echo \"error: The sandbox is not in sync with the Podfile.lock. Run 'pod install' or update your CocoaPods installation.\" >&2\n    exit 1\nfi\n# This output is used by Xcode 'outputs' to avoid re-running this script phase.\necho \"SUCCESS\" > \"${SCRIPT_OUTPUT_FILE_0}\"\n";
			showEnvVarsInLog = 0;
		};
		69CC13FA296979A8E1C84754 /* [CP] Check Pods Manifest.lock */ = {
			isa = PBXShellScriptBuildPhase;
			buildActionMask = 2147483647;
			files = (
			);
			inputFileListPaths = (
			);
			inputPaths = (
				"${PODS_PODFILE_DIR_PATH}/Podfile.lock",
				"${PODS_ROOT}/Manifest.lock",
			);
			name = "[CP] Check Pods Manifest.lock";
			outputFileListPaths = (
			);
			outputPaths = (
				"$(DERIVED_FILE_DIR)/Pods-Fastboard_Example-checkManifestLockResult.txt",
			);
			runOnlyForDeploymentPostprocessing = 0;
			shellPath = /bin/sh;
			shellScript = "diff \"${PODS_PODFILE_DIR_PATH}/Podfile.lock\" \"${PODS_ROOT}/Manifest.lock\" > /dev/null\nif [ $? != 0 ] ; then\n    # print error to STDERR\n    echo \"error: The sandbox is not in sync with the Podfile.lock. Run 'pod install' or update your CocoaPods installation.\" >&2\n    exit 1\nfi\n# This output is used by Xcode 'outputs' to avoid re-running this script phase.\necho \"SUCCESS\" > \"${SCRIPT_OUTPUT_FILE_0}\"\n";
			showEnvVarsInLog = 0;
		};
		ED193AEBD2C28A503263DE80 /* [CP] Embed Pods Frameworks */ = {
			isa = PBXShellScriptBuildPhase;
			buildActionMask = 2147483647;
			files = (
			);
			inputPaths = (
				"${PODS_ROOT}/Target Support Files/Pods-OCExample/Pods-OCExample-frameworks.sh",
				"${PODS_ROOT}/AgoraFPA_iOS/AgoraFPA.framework",
				"${PODS_ROOT}/AgoraFPA_iOS/AgoraFpaProxyService.framework",
				"${BUILT_PRODUCTS_DIR}/Fastboard/Fastboard.framework",
				"${BUILT_PRODUCTS_DIR}/Masonry/Masonry.framework",
				"${BUILT_PRODUCTS_DIR}/Whiteboard/Whiteboard.framework",
				"${BUILT_PRODUCTS_DIR}/YYModel/YYModel.framework",
				"${BUILT_PRODUCTS_DIR}/dsBridge/dsBridge.framework",
			);
			name = "[CP] Embed Pods Frameworks";
			outputPaths = (
				"${TARGET_BUILD_DIR}/${FRAMEWORKS_FOLDER_PATH}/AgoraFPA.framework",
				"${TARGET_BUILD_DIR}/${FRAMEWORKS_FOLDER_PATH}/AgoraFpaProxyService.framework",
				"${TARGET_BUILD_DIR}/${FRAMEWORKS_FOLDER_PATH}/Fastboard.framework",
				"${TARGET_BUILD_DIR}/${FRAMEWORKS_FOLDER_PATH}/Masonry.framework",
				"${TARGET_BUILD_DIR}/${FRAMEWORKS_FOLDER_PATH}/Whiteboard.framework",
				"${TARGET_BUILD_DIR}/${FRAMEWORKS_FOLDER_PATH}/YYModel.framework",
				"${TARGET_BUILD_DIR}/${FRAMEWORKS_FOLDER_PATH}/dsBridge.framework",
			);
			runOnlyForDeploymentPostprocessing = 0;
			shellPath = /bin/sh;
			shellScript = "\"${PODS_ROOT}/Target Support Files/Pods-OCExample/Pods-OCExample-frameworks.sh\"\n";
			showEnvVarsInLog = 0;
		};
/* End PBXShellScriptBuildPhase section */

/* Begin PBXSourcesBuildPhase section */
		607FACCC1AFB9204008FA782 /* Sources */ = {
			isa = PBXSourcesBuildPhase;
			buildActionMask = 2147483647;
			files = (
				8AFA91E4278D85CB00E0CA61 /* CustomFastboardView.swift in Sources */,
				8AE96586278842FC00722F89 /* Utility.swift in Sources */,
				607FACD81AFB9204008FA782 /* ViewController.swift in Sources */,
				8AB02B9C27C4756600792EF6 /* ExampleControlView.swift in Sources */,
				8A310FC12787DEA800376BB5 /* ExampleTheme.swift in Sources */,
				8AB02BA027C4758200792EF6 /* ControlCell.swift in Sources */,
				8A28DD16278BC1BD00B5CB71 /* RoomInfo.swift in Sources */,
				607FACD61AFB9204008FA782 /* AppDelegate.swift in Sources */,
				8A32FA7A27C886AB00FA9367 /* UIColor+Convince.swift in Sources */,
				8A32FA7827C885ED00FA9367 /* CustomColor.swift in Sources */,
				8AB02BBD27C4CE6A00792EF6 /* StorageItem.swift in Sources */,
			);
			runOnlyForDeploymentPostprocessing = 0;
		};
		8AAB0ECC277AB0E40062E8D1 /* Sources */ = {
			isa = PBXSourcesBuildPhase;
			buildActionMask = 2147483647;
			files = (
				8AFA91CE278C280E00E0CA61 /* Utility.m in Sources */,
				8AFA91C9278C27A700E0CA61 /* Utility.swift in Sources */,
				8A32FA8027C8B6C500FA9367 /* UIColor+Convince.swift in Sources */,
				8A32FA7D27C8AF6100FA9367 /* CustomColor.swift in Sources */,
				8AB02B9727C4715C00792EF6 /* CustomFastboardOverlay.m in Sources */,
				8AAB0EDA277AB0E40062E8D1 /* ViewController.m in Sources */,
				8AAB0ED4277AB0E40062E8D1 /* AppDelegate.m in Sources */,
				8AAB0EE5277AB0E40062E8D1 /* main.m in Sources */,
				8AAB0ED7277AB0E40062E8D1 /* SceneDelegate.m in Sources */,
				8A28DD1A278BCBD700B5CB71 /* RoomInfo.m in Sources */,
				8A32FA7C27C8AEE400FA9367 /* StorageItem.swift in Sources */,
				8A28DD18278BCB1900B5CB71 /* RoomInfo.h in Sources */,
			);
			runOnlyForDeploymentPostprocessing = 0;
		};
/* End PBXSourcesBuildPhase section */

/* Begin PBXVariantGroup section */
		607FACD91AFB9204008FA782 /* Main.storyboard */ = {
			isa = PBXVariantGroup;
			children = (
				607FACDA1AFB9204008FA782 /* Base */,
			);
			name = Main.storyboard;
			sourceTree = "<group>";
		};
		607FACDE1AFB9204008FA782 /* LaunchScreen.xib */ = {
			isa = PBXVariantGroup;
			children = (
				607FACDF1AFB9204008FA782 /* Base */,
			);
			name = LaunchScreen.xib;
			sourceTree = "<group>";
		};
		8AB02B9827C4744300792EF6 /* Main.storyboard */ = {
			isa = PBXVariantGroup;
			children = (
				8AB02B9927C4744300792EF6 /* Base */,
			);
			name = Main.storyboard;
			sourceTree = "<group>";
		};
		8AB02BB527C47F9000792EF6 /* Localizable.strings */ = {
			isa = PBXVariantGroup;
			children = (
				8AB02BB727C47F9000792EF6 /* en */,
				8AB02BB927C4C16D00792EF6 /* zh-Hans */,
			);
			name = Localizable.strings;
			sourceTree = "<group>";
		};
/* End PBXVariantGroup section */

/* Begin XCBuildConfiguration section */
		607FACED1AFB9204008FA782 /* Debug */ = {
			isa = XCBuildConfiguration;
			baseConfigurationReference = 8A28DD14278BC0E900B5CB71 /* FastboardConfig.xcconfig */;
			buildSettings = {
				ALWAYS_SEARCH_USER_PATHS = NO;
				CLANG_CXX_LANGUAGE_STANDARD = "gnu++0x";
				CLANG_CXX_LIBRARY = "libc++";
				CLANG_ENABLE_MODULES = YES;
				CLANG_ENABLE_OBJC_ARC = YES;
				CLANG_WARN_BLOCK_CAPTURE_AUTORELEASING = YES;
				CLANG_WARN_BOOL_CONVERSION = YES;
				CLANG_WARN_COMMA = YES;
				CLANG_WARN_CONSTANT_CONVERSION = YES;
				CLANG_WARN_DIRECT_OBJC_ISA_USAGE = YES_ERROR;
				CLANG_WARN_EMPTY_BODY = YES;
				CLANG_WARN_ENUM_CONVERSION = YES;
				CLANG_WARN_INFINITE_RECURSION = YES;
				CLANG_WARN_INT_CONVERSION = YES;
				CLANG_WARN_NON_LITERAL_NULL_CONVERSION = YES;
				CLANG_WARN_OBJC_LITERAL_CONVERSION = YES;
				CLANG_WARN_OBJC_ROOT_CLASS = YES_ERROR;
				CLANG_WARN_RANGE_LOOP_ANALYSIS = YES;
				CLANG_WARN_STRICT_PROTOTYPES = YES;
				CLANG_WARN_SUSPICIOUS_MOVE = YES;
				CLANG_WARN_UNREACHABLE_CODE = YES;
				CLANG_WARN__DUPLICATE_METHOD_MATCH = YES;
				"CODE_SIGN_IDENTITY[sdk=iphoneos*]" = "iPhone Developer";
				COPY_PHASE_STRIP = NO;
				DEBUG_INFORMATION_FORMAT = "dwarf-with-dsym";
				ENABLE_STRICT_OBJC_MSGSEND = YES;
				ENABLE_TESTABILITY = YES;
				"EXCLUDED_ARCHS[sdk=iphonesimulator*]" = arm64;
				GCC_C_LANGUAGE_STANDARD = gnu99;
				GCC_DYNAMIC_NO_PIC = NO;
				GCC_NO_COMMON_BLOCKS = YES;
				GCC_OPTIMIZATION_LEVEL = 0;
				GCC_PREPROCESSOR_DEFINITIONS = (
					"DEBUG=1",
					"$(inherited)",
				);
				GCC_SYMBOLS_PRIVATE_EXTERN = NO;
				GCC_WARN_64_TO_32_BIT_CONVERSION = YES;
				GCC_WARN_ABOUT_RETURN_TYPE = YES_ERROR;
				GCC_WARN_UNDECLARED_SELECTOR = YES;
				GCC_WARN_UNINITIALIZED_AUTOS = YES_AGGRESSIVE;
				GCC_WARN_UNUSED_FUNCTION = YES;
				GCC_WARN_UNUSED_VARIABLE = YES;
				IPHONEOS_DEPLOYMENT_TARGET = 11.0;
				MTL_ENABLE_DEBUG_INFO = YES;
				ONLY_ACTIVE_ARCH = YES;
				SDKROOT = iphoneos;
				SWIFT_OPTIMIZATION_LEVEL = "-Onone";
			};
			name = Debug;
		};
		607FACEE1AFB9204008FA782 /* Release */ = {
			isa = XCBuildConfiguration;
			baseConfigurationReference = 8A28DD14278BC0E900B5CB71 /* FastboardConfig.xcconfig */;
			buildSettings = {
				ALWAYS_SEARCH_USER_PATHS = NO;
				CLANG_CXX_LANGUAGE_STANDARD = "gnu++0x";
				CLANG_CXX_LIBRARY = "libc++";
				CLANG_ENABLE_MODULES = YES;
				CLANG_ENABLE_OBJC_ARC = YES;
				CLANG_WARN_BLOCK_CAPTURE_AUTORELEASING = YES;
				CLANG_WARN_BOOL_CONVERSION = YES;
				CLANG_WARN_COMMA = YES;
				CLANG_WARN_CONSTANT_CONVERSION = YES;
				CLANG_WARN_DIRECT_OBJC_ISA_USAGE = YES_ERROR;
				CLANG_WARN_EMPTY_BODY = YES;
				CLANG_WARN_ENUM_CONVERSION = YES;
				CLANG_WARN_INFINITE_RECURSION = YES;
				CLANG_WARN_INT_CONVERSION = YES;
				CLANG_WARN_NON_LITERAL_NULL_CONVERSION = YES;
				CLANG_WARN_OBJC_LITERAL_CONVERSION = YES;
				CLANG_WARN_OBJC_ROOT_CLASS = YES_ERROR;
				CLANG_WARN_RANGE_LOOP_ANALYSIS = YES;
				CLANG_WARN_STRICT_PROTOTYPES = YES;
				CLANG_WARN_SUSPICIOUS_MOVE = YES;
				CLANG_WARN_UNREACHABLE_CODE = YES;
				CLANG_WARN__DUPLICATE_METHOD_MATCH = YES;
				"CODE_SIGN_IDENTITY[sdk=iphoneos*]" = "iPhone Developer";
				COPY_PHASE_STRIP = NO;
				DEBUG_INFORMATION_FORMAT = "dwarf-with-dsym";
				ENABLE_NS_ASSERTIONS = NO;
				ENABLE_STRICT_OBJC_MSGSEND = YES;
				GCC_C_LANGUAGE_STANDARD = gnu99;
				GCC_NO_COMMON_BLOCKS = YES;
				GCC_WARN_64_TO_32_BIT_CONVERSION = YES;
				GCC_WARN_ABOUT_RETURN_TYPE = YES_ERROR;
				GCC_WARN_UNDECLARED_SELECTOR = YES;
				GCC_WARN_UNINITIALIZED_AUTOS = YES_AGGRESSIVE;
				GCC_WARN_UNUSED_FUNCTION = YES;
				GCC_WARN_UNUSED_VARIABLE = YES;
				IPHONEOS_DEPLOYMENT_TARGET = 11.0;
				MTL_ENABLE_DEBUG_INFO = NO;
				SDKROOT = iphoneos;
				SWIFT_OPTIMIZATION_LEVEL = "-Owholemodule";
				VALIDATE_PRODUCT = YES;
			};
			name = Release;
		};
		607FACF01AFB9204008FA782 /* Debug */ = {
			isa = XCBuildConfiguration;
			baseConfigurationReference = 470BB35885E53C67CAAA0CAC /* Pods-Fastboard_Example.debug.xcconfig */;
			buildSettings = {
				ASSETCATALOG_COMPILER_APPICON_NAME = AppIcon;
				CLANG_ENABLE_MODULES = YES;
				CODE_SIGN_IDENTITY = "Apple Development";
				CODE_SIGN_STYLE = Automatic;
				DEVELOPMENT_TEAM = L922897LKX;
				INFOPLIST_FILE = Fastboard/Info.plist;
				IPHONEOS_DEPLOYMENT_TARGET = 11.0;
				LD_RUNPATH_SEARCH_PATHS = "$(inherited) @executable_path/Frameworks";
				MODULE_NAME = ExampleApp;
				PRODUCT_BUNDLE_IDENTIFIER = "fastboard.-";
				PRODUCT_NAME = "$(TARGET_NAME)";
				PROVISIONING_PROFILE_SPECIFIER = "";
				SWIFT_OBJC_BRIDGING_HEADER = "";
				SWIFT_OPTIMIZATION_LEVEL = "-Onone";
				SWIFT_SWIFT3_OBJC_INFERENCE = Default;
				SWIFT_VERSION = 4.0;
				TARGETED_DEVICE_FAMILY = "1,2";
			};
			name = Debug;
		};
		607FACF11AFB9204008FA782 /* Release */ = {
			isa = XCBuildConfiguration;
			baseConfigurationReference = 22C403ED202C8833654663D1 /* Pods-Fastboard_Example.release.xcconfig */;
			buildSettings = {
				ASSETCATALOG_COMPILER_APPICON_NAME = AppIcon;
				CLANG_ENABLE_MODULES = YES;
				DEVELOPMENT_TEAM = L922897LKX;
				INFOPLIST_FILE = Fastboard/Info.plist;
				IPHONEOS_DEPLOYMENT_TARGET = 11.0;
				LD_RUNPATH_SEARCH_PATHS = "$(inherited) @executable_path/Frameworks";
				MODULE_NAME = ExampleApp;
				PRODUCT_BUNDLE_IDENTIFIER = "fastboard.-";
				PRODUCT_NAME = "$(TARGET_NAME)";
				SWIFT_OBJC_BRIDGING_HEADER = "";
				SWIFT_SWIFT3_OBJC_INFERENCE = Default;
				SWIFT_VERSION = 4.0;
				TARGETED_DEVICE_FAMILY = "1,2";
			};
			name = Release;
		};
		8AAB0EE7277AB0E40062E8D1 /* Debug */ = {
			isa = XCBuildConfiguration;
			baseConfigurationReference = 829F94F2DB88098BADCF84A3 /* Pods-OCExample.debug.xcconfig */;
			buildSettings = {
				ASSETCATALOG_COMPILER_APPICON_NAME = AppIcon;
				ASSETCATALOG_COMPILER_GLOBAL_ACCENT_COLOR_NAME = AccentColor;
				CLANG_ANALYZER_NONNULL = YES;
				CLANG_ANALYZER_NUMBER_OBJECT_CONVERSION = YES_AGGRESSIVE;
				CLANG_CXX_LANGUAGE_STANDARD = "gnu++17";
				CLANG_ENABLE_OBJC_WEAK = YES;
				CLANG_WARN_DEPRECATED_OBJC_IMPLEMENTATIONS = YES;
				CLANG_WARN_DOCUMENTATION_COMMENTS = YES;
				CLANG_WARN_OBJC_IMPLICIT_RETAIN_SELF = YES;
				CLANG_WARN_QUOTED_INCLUDE_IN_FRAMEWORK_HEADER = YES;
				CLANG_WARN_UNGUARDED_AVAILABILITY = YES_AGGRESSIVE;
				CODE_SIGN_STYLE = Automatic;
				CURRENT_PROJECT_VERSION = 1;
				DEBUG_INFORMATION_FORMAT = dwarf;
				DEFINES_MODULE = YES;
				DEVELOPMENT_TEAM = L922897LKX;
				GCC_C_LANGUAGE_STANDARD = gnu11;
				GENERATE_INFOPLIST_FILE = YES;
				INFOPLIST_FILE = OCExample/Info.plist;
				INFOPLIST_KEY_CFBundleDisplayName = Fastboard_OC;
				INFOPLIST_KEY_UIApplicationSupportsIndirectInputEvents = YES;
				INFOPLIST_KEY_UILaunchStoryboardName = LaunchScreen;
				INFOPLIST_KEY_UIMainStoryboardFile = Main;
				INFOPLIST_KEY_UISupportedInterfaceOrientations_iPad = "UIInterfaceOrientationPortrait UIInterfaceOrientationPortraitUpsideDown UIInterfaceOrientationLandscapeLeft UIInterfaceOrientationLandscapeRight";
				INFOPLIST_KEY_UISupportedInterfaceOrientations_iPhone = "UIInterfaceOrientationPortrait UIInterfaceOrientationLandscapeLeft UIInterfaceOrientationLandscapeRight";
				IPHONEOS_DEPLOYMENT_TARGET = 11.0;
				LD_RUNPATH_SEARCH_PATHS = "$(inherited) @executable_path/Frameworks";
				MARKETING_VERSION = 1.0;
				MTL_ENABLE_DEBUG_INFO = INCLUDE_SOURCE;
				MTL_FAST_MATH = YES;
				PRODUCT_BUNDLE_IDENTIFIER = "fastboard.-";
				PRODUCT_NAME = "$(TARGET_NAME)";
				SWIFT_EMIT_LOC_STRINGS = YES;
				SWIFT_VERSION = 5.0;
				TARGETED_DEVICE_FAMILY = "1,2";
			};
			name = Debug;
		};
		8AAB0EE8277AB0E40062E8D1 /* Release */ = {
			isa = XCBuildConfiguration;
			baseConfigurationReference = DF7341E8918DD7163D4E0518 /* Pods-OCExample.release.xcconfig */;
			buildSettings = {
				ASSETCATALOG_COMPILER_APPICON_NAME = AppIcon;
				ASSETCATALOG_COMPILER_GLOBAL_ACCENT_COLOR_NAME = AccentColor;
				CLANG_ANALYZER_NONNULL = YES;
				CLANG_ANALYZER_NUMBER_OBJECT_CONVERSION = YES_AGGRESSIVE;
				CLANG_CXX_LANGUAGE_STANDARD = "gnu++17";
				CLANG_ENABLE_OBJC_WEAK = YES;
				CLANG_WARN_DEPRECATED_OBJC_IMPLEMENTATIONS = YES;
				CLANG_WARN_DOCUMENTATION_COMMENTS = YES;
				CLANG_WARN_OBJC_IMPLICIT_RETAIN_SELF = YES;
				CLANG_WARN_QUOTED_INCLUDE_IN_FRAMEWORK_HEADER = YES;
				CLANG_WARN_UNGUARDED_AVAILABILITY = YES_AGGRESSIVE;
				CODE_SIGN_STYLE = Automatic;
				CURRENT_PROJECT_VERSION = 1;
				DEFINES_MODULE = YES;
				DEVELOPMENT_TEAM = L922897LKX;
				GCC_C_LANGUAGE_STANDARD = gnu11;
				GENERATE_INFOPLIST_FILE = YES;
				INFOPLIST_FILE = OCExample/Info.plist;
				INFOPLIST_KEY_CFBundleDisplayName = Fastboard_OC;
				INFOPLIST_KEY_UIApplicationSupportsIndirectInputEvents = YES;
				INFOPLIST_KEY_UILaunchStoryboardName = LaunchScreen;
				INFOPLIST_KEY_UIMainStoryboardFile = Main;
				INFOPLIST_KEY_UISupportedInterfaceOrientations_iPad = "UIInterfaceOrientationPortrait UIInterfaceOrientationPortraitUpsideDown UIInterfaceOrientationLandscapeLeft UIInterfaceOrientationLandscapeRight";
				INFOPLIST_KEY_UISupportedInterfaceOrientations_iPhone = "UIInterfaceOrientationPortrait UIInterfaceOrientationLandscapeLeft UIInterfaceOrientationLandscapeRight";
				IPHONEOS_DEPLOYMENT_TARGET = 11.0;
				LD_RUNPATH_SEARCH_PATHS = "$(inherited) @executable_path/Frameworks";
				MARKETING_VERSION = 1.0;
				MTL_FAST_MATH = YES;
				PRODUCT_BUNDLE_IDENTIFIER = "fastboard.-";
				PRODUCT_NAME = "$(TARGET_NAME)";
				SWIFT_EMIT_LOC_STRINGS = YES;
				SWIFT_VERSION = 5.0;
				TARGETED_DEVICE_FAMILY = "1,2";
			};
			name = Release;
		};
/* End XCBuildConfiguration section */

/* Begin XCConfigurationList section */
		607FACCB1AFB9204008FA782 /* Build configuration list for PBXProject "Fastboard" */ = {
			isa = XCConfigurationList;
			buildConfigurations = (
				607FACED1AFB9204008FA782 /* Debug */,
				607FACEE1AFB9204008FA782 /* Release */,
			);
			defaultConfigurationIsVisible = 0;
			defaultConfigurationName = Release;
		};
		607FACEF1AFB9204008FA782 /* Build configuration list for PBXNativeTarget "Fastboard_Example" */ = {
			isa = XCConfigurationList;
			buildConfigurations = (
				607FACF01AFB9204008FA782 /* Debug */,
				607FACF11AFB9204008FA782 /* Release */,
			);
			defaultConfigurationIsVisible = 0;
			defaultConfigurationName = Release;
		};
		8AAB0EE6277AB0E40062E8D1 /* Build configuration list for PBXNativeTarget "OCExample" */ = {
			isa = XCConfigurationList;
			buildConfigurations = (
				8AAB0EE7277AB0E40062E8D1 /* Debug */,
				8AAB0EE8277AB0E40062E8D1 /* Release */,
			);
			defaultConfigurationIsVisible = 0;
			defaultConfigurationName = Release;
		};
/* End XCConfigurationList section */
	};
	rootObject = 607FACC81AFB9204008FA782 /* Project object */;
}
